{
  "object": {
    "pins": [
      {
        "package": "SymbolPicker",
        "repositoryURL": "https://github.com/xnth97/SymbolPicker.git",
        "state": {
          "branch": null,
          "revision": "26b186565bc091868d756747bb600db20c99cb1b",
          "version": "1.3.0"
        }
      }
    ]
  },
  "version": 1
}
